
Microsoft Visual Studio Solution File, Format Version 12.00
# Visual Studio Version 16
VisualStudioVersion = 16.0.32602.291
MinimumVisualStudioVersion = 10.0.40219.1
Project("{FAE04EC0-301F-11D3-BF4B-00C04F79EFBC}") = "Asp.NetMVCEducation.NETFramework", "Asp.NetMVCEducation.NETFramework\Asp.NetMVCEducation.NETFramework.csproj", "{D492ADDF-EBB7-49A6-8D52-30D5DF9CBC3B}"
EndProject
Global
	GlobalSection(SolutionConfigurationPlatforms) = preSolution
		Debug|Any CPU = Debug|Any CPU
		Release|Any CPU = Release|Any CPU
	EndGlobalSection
	GlobalSection(ProjectConfigurationPlatforms) = postSolution
		{D492ADDF-EBB7-49A6-8D52-30D5DF9CBC3B}.Debug|Any CPU.ActiveCfg = Debug|Any CPU
		{D492ADDF-EBB7-49A6-8D52-30D5DF9CBC3B}.Debug|Any CPU.Build.0 = Debug|Any CPU
		{D492ADDF-EBB7-49A6-8D52-30D5DF9CBC3B}.Release|Any CPU.ActiveCfg = Release|Any CPU
		{D492ADDF-EBB7-49A6-8D52-30D5DF9CBC3B}.Release|Any CPU.Build.0 = Release|Any CPU
	EndGlobalSection
	GlobalSection(SolutionProperties) = preSolution
		HideSolutionNode = FALSE
	EndGlobalSection
	GlobalSection(ExtensibilityGlobals) = postSolution
		SolutionGuid = {D03DFD1B-AF0B-4A12-A470-436E33D31D8C}
	EndGlobalSection
EndGlobal
